// !$*UTF8*$!
{
	archiveVersion = 1;
	classes = {
	};
	objectVersion = 56;
	objects = {

/* Begin PBXBuildFile section */
		9896F9EE296ECC200030AD17 /* ch_30_State_BindingApp.swift in Sources */ = {isa = PBXBuildFile; fileRef = 9896F9ED296ECC200030AD17 /* ch_30_State_BindingApp.swift */; };
		9896F9F0296ECC200030AD17 /* ContentView.swift in Sources */ = {isa = PBXBuildFile; fileRef = 9896F9EF296ECC200030AD17 /* ContentView.swift */; };
		9896F9F2296ECC220030AD17 /* Assets.xcassets in Resources */ = {isa = PBXBuildFile; fileRef = 9896F9F1296ECC220030AD17 /* Assets.xcassets */; };
		9896F9F5296ECC220030AD17 /* Preview Assets.xcassets in Resources */ = {isa = PBXBuildFile; fileRef = 9896F9F4296ECC220030AD17 /* Preview Assets.xcassets */; };
		9896F9FC296ED2300030AD17 /* BeforeBedView.swift in Sources */ = {isa = PBXBuildFile; fileRef = 9896F9FB296ED2300030AD17 /* BeforeBedView.swift */; };
		9896F9FE296FA4C80030AD17 /* WeeklyView.swift in Sources */ = {isa = PBXBuildFile; fileRef = 9896F9FD296FA4C80030AD17 /* WeeklyView.swift */; };
		9896FA00296FA6310030AD17 /* MyViewModel.swift in Sources */ = {isa = PBXBuildFile; fileRef = 9896F9FF296FA6310030AD17 /* MyViewModel.swift */; };
		9896FA02296FCD1D0030AD17 /* MyGeometry.swift in Sources */ = {isa = PBXBuildFile; fileRef = 9896FA01296FCD1D0030AD17 /* MyGeometry.swift */; };
		9896FA04296FD5E30030AD17 /* MyGeometry_Vertical.swift in Sources */ = {isa = PBXBuildFile; fileRef = 9896FA03296FD5E30030AD17 /* MyGeometry_Vertical.swift */; };
		98D96A8429700F6300E97CF3 /* CustomView.swift in Sources */ = {isa = PBXBuildFile; fileRef = 98D96A8329700F6300E97CF3 /* CustomView.swift */; };
		98D96A862970188F00E97CF3 /* CustomViewMy.swift in Sources */ = {isa = PBXBuildFile; fileRef = 98D96A852970188F00E97CF3 /* CustomViewMy.swift */; };
		98D96A882970198E00E97CF3 /* MyView.swift in Sources */ = {isa = PBXBuildFile; fileRef = 98D96A872970198E00E97CF3 /* MyView.swift */; };
		98D96A8A2970297D00E97CF3 /* TextInput.swift in Sources */ = {isa = PBXBuildFile; fileRef = 98D96A892970297D00E97CF3 /* TextInput.swift */; };
		98D96A8D2970E9A700E97CF3 /* Closur04.swift in Sources */ = {isa = PBXBuildFile; fileRef = 98D96A8C2970E9A700E97CF3 /* Closur04.swift */; };
		98D96A8F2971213300E97CF3 /* Closure_study.swift in Sources */ = {isa = PBXBuildFile; fileRef = 98D96A8E2971213300E97CF3 /* Closure_study.swift */; };
		98D96A91297124D800E97CF3 /* ThreadTest.swift in Sources */ = {isa = PBXBuildFile; fileRef = 98D96A90297124D800E97CF3 /* ThreadTest.swift */; };
		98D96A9329714BE800E97CF3 /* Z01ButtonStyleView.swift in Sources */ = {isa = PBXBuildFile; fileRef = 98D96A9229714BE800E97CF3 /* Z01ButtonStyleView.swift */; };
		98D96A9529714EA900E97CF3 /* Z02MyBtnStyle.swift in Sources */ = {isa = PBXBuildFile; fileRef = 98D96A9429714EA900E97CF3 /* Z02MyBtnStyle.swift */; };
		98D96A972971569C00E97CF3 /* Z02MyRotateBtnStyle.swift in Sources */ = {isa = PBXBuildFile; fileRef = 98D96A962971569C00E97CF3 /* Z02MyRotateBtnStyle.swift */; };
		98D96A992971617900E97CF3 /* LoginDialog.swift in Sources */ = {isa = PBXBuildFile; fileRef = 98D96A982971617900E97CF3 /* LoginDialog.swift */; };
		98D96A9B2971644E00E97CF3 /* PresentStyleView.swift in Sources */ = {isa = PBXBuildFile; fileRef = 98D96A9A2971644E00E97CF3 /* PresentStyleView.swift */; };
		98D96A9D2971860A00E97CF3 /* Z03PickerView.swift in Sources */ = {isa = PBXBuildFile; fileRef = 98D96A9C2971860A00E97CF3 /* Z03PickerView.swift */; };
		98D96A9F29718A9700E97CF3 /* Z03_1PickerView.swift in Sources */ = {isa = PBXBuildFile; fileRef = 98D96A9E29718A9700E97CF3 /* Z03_1PickerView.swift */; };
		98D96AA12974F93400E97CF3 /* Z21_DeepLinkView.swift in Sources */ = {isa = PBXBuildFile; fileRef = 98D96AA02974F93400E97CF3 /* Z21_DeepLinkView.swift */; };
		98D96AA42974FDE400E97CF3 /* Z21_ProfileView.swift in Sources */ = {isa = PBXBuildFile; fileRef = 98D96AA32974FDE400E97CF3 /* Z21_ProfileView.swift */; };
		98D96AA62975110500E97CF3 /* Z21_DeepLingViewJung.swift in Sources */ = {isa = PBXBuildFile; fileRef = 98D96AA52975110500E97CF3 /* Z21_DeepLingViewJung.swift */; };
		98D96AA92975128F00E97CF3 /* Z21_TodosView.swift in Sources */ = {isa = PBXBuildFile; fileRef = 98D96AA82975128F00E97CF3 /* Z21_TodosView.swift */; };
		98D96AAC2975326F00E97CF3 /* Z22_NenubarView.swift in Sources */ = {isa = PBXBuildFile; fileRef = 98D96AAB2975326F00E97CF3 /* Z22_NenubarView.swift */; };
/* End PBXBuildFile section */

/* Begin PBXFileReference section */
		9896F9EA296ECC200030AD17 /* ch#30_State_Binding.app */ = {isa = PBXFileReference; explicitFileType = wrapper.application; includeInIndex = 0; path = "ch#30_State_Binding.app"; sourceTree = BUILT_PRODUCTS_DIR; };
		9896F9ED296ECC200030AD17 /* ch_30_State_BindingApp.swift */ = {isa = PBXFileReference; lastKnownFileType = sourcecode.swift; path = ch_30_State_BindingApp.swift; sourceTree = "<group>"; };
		9896F9EF296ECC200030AD17 /* ContentView.swift */ = {isa = PBXFileReference; lastKnownFileType = sourcecode.swift; path = ContentView.swift; sourceTree = "<group>"; };
		9896F9F1296ECC220030AD17 /* Assets.xcassets */ = {isa = PBXFileReference; lastKnownFileType = folder.assetcatalog; path = Assets.xcassets; sourceTree = "<group>"; };
		9896F9F4296ECC220030AD17 /* Preview Assets.xcassets */ = {isa = PBXFileReference; lastKnownFileType = folder.assetcatalog; path = "Preview Assets.xcassets"; sourceTree = "<group>"; };
		9896F9FB296ED2300030AD17 /* BeforeBedView.swift */ = {isa = PBXFileReference; lastKnownFileType = sourcecode.swift; path = BeforeBedView.swift; sourceTree = "<group>"; };
		9896F9FD296FA4C80030AD17 /* WeeklyView.swift */ = {isa = PBXFileReference; lastKnownFileType = sourcecode.swift; path = WeeklyView.swift; sourceTree = "<group>"; };
		9896F9FF296FA6310030AD17 /* MyViewModel.swift */ = {isa = PBXFileReference; lastKnownFileType = sourcecode.swift; path = MyViewModel.swift; sourceTree = "<group>"; };
		9896FA01296FCD1D0030AD17 /* MyGeometry.swift */ = {isa = PBXFileReference; lastKnownFileType = sourcecode.swift; path = MyGeometry.swift; sourceTree = "<group>"; };
		9896FA03296FD5E30030AD17 /* MyGeometry_Vertical.swift */ = {isa = PBXFileReference; lastKnownFileType = sourcecode.swift; path = MyGeometry_Vertical.swift; sourceTree = "<group>"; };
		98D96A8329700F6300E97CF3 /* CustomView.swift */ = {isa = PBXFileReference; lastKnownFileType = sourcecode.swift; path = CustomView.swift; sourceTree = "<group>"; };
		98D96A852970188F00E97CF3 /* CustomViewMy.swift */ = {isa = PBXFileReference; lastKnownFileType = sourcecode.swift; path = CustomViewMy.swift; sourceTree = "<group>"; };
		98D96A872970198E00E97CF3 /* MyView.swift */ = {isa = PBXFileReference; lastKnownFileType = sourcecode.swift; path = MyView.swift; sourceTree = "<group>"; };
		98D96A892970297D00E97CF3 /* TextInput.swift */ = {isa = PBXFileReference; lastKnownFileType = sourcecode.swift; path = TextInput.swift; sourceTree = "<group>"; };
		98D96A8C2970E9A700E97CF3 /* Closur04.swift */ = {isa = PBXFileReference; lastKnownFileType = sourcecode.swift; path = Closur04.swift; sourceTree = "<group>"; };
		98D96A8E2971213300E97CF3 /* Closure_study.swift */ = {isa = PBXFileReference; lastKnownFileType = sourcecode.swift; path = Closure_study.swift; sourceTree = "<group>"; };
		98D96A90297124D800E97CF3 /* ThreadTest.swift */ = {isa = PBXFileReference; lastKnownFileType = sourcecode.swift; path = ThreadTest.swift; sourceTree = "<group>"; };
		98D96A9229714BE800E97CF3 /* Z01ButtonStyleView.swift */ = {isa = PBXFileReference; lastKnownFileType = sourcecode.swift; path = Z01ButtonStyleView.swift; sourceTree = "<group>"; };
		98D96A9429714EA900E97CF3 /* Z02MyBtnStyle.swift */ = {isa = PBXFileReference; lastKnownFileType = sourcecode.swift; path = Z02MyBtnStyle.swift; sourceTree = "<group>"; };
		98D96A962971569C00E97CF3 /* Z02MyRotateBtnStyle.swift */ = {isa = PBXFileReference; lastKnownFileType = sourcecode.swift; path = Z02MyRotateBtnStyle.swift; sourceTree = "<group>"; };
		98D96A982971617900E97CF3 /* LoginDialog.swift */ = {isa = PBXFileReference; lastKnownFileType = sourcecode.swift; path = LoginDialog.swift; sourceTree = "<group>"; };
		98D96A9A2971644E00E97CF3 /* PresentStyleView.swift */ = {isa = PBXFileReference; lastKnownFileType = sourcecode.swift; path = PresentStyleView.swift; sourceTree = "<group>"; };
		98D96A9C2971860A00E97CF3 /* Z03PickerView.swift */ = {isa = PBXFileReference; lastKnownFileType = sourcecode.swift; path = Z03PickerView.swift; sourceTree = "<group>"; };
		98D96A9E29718A9700E97CF3 /* Z03_1PickerView.swift */ = {isa = PBXFileReference; lastKnownFileType = sourcecode.swift; path = Z03_1PickerView.swift; sourceTree = "<group>"; };
		98D96AA02974F93400E97CF3 /* Z21_DeepLinkView.swift */ = {isa = PBXFileReference; lastKnownFileType = sourcecode.swift; path = Z21_DeepLinkView.swift; sourceTree = "<group>"; };
		98D96AA32974FDE400E97CF3 /* Z21_ProfileView.swift */ = {isa = PBXFileReference; lastKnownFileType = sourcecode.swift; path = Z21_ProfileView.swift; sourceTree = "<group>"; };
		98D96AA52975110500E97CF3 /* Z21_DeepLingViewJung.swift */ = {isa = PBXFileReference; lastKnownFileType = sourcecode.swift; path = Z21_DeepLingViewJung.swift; sourceTree = "<group>"; };
		98D96AA7297511AD00E97CF3 /* ch-30-State-Binding-Info.plist */ = {isa = PBXFileReference; lastKnownFileType = text.plist; path = "ch-30-State-Binding-Info.plist"; sourceTree = SOURCE_ROOT; };
		98D96AA82975128F00E97CF3 /* Z21_TodosView.swift */ = {isa = PBXFileReference; lastKnownFileType = sourcecode.swift; path = Z21_TodosView.swift; sourceTree = "<group>"; };
		98D96AAB2975326F00E97CF3 /* Z22_NenubarView.swift */ = {isa = PBXFileReference; lastKnownFileType = sourcecode.swift; path = Z22_NenubarView.swift; sourceTree = "<group>"; };
/* End PBXFileReference section */

/* Begin PBXFrameworksBuildPhase section */
		9896F9E7296ECC200030AD17 /* Frameworks */ = {
			isa = PBXFrameworksBuildPhase;
			buildActionMask = 2147483647;
			files = (
			);
			runOnlyForDeploymentPostprocessing = 0;
		};
/* End PBXFrameworksBuildPhase section */

/* Begin PBXGroup section */
		9896F9E1296ECC200030AD17 = {
			isa = PBXGroup;
			children = (
				9896F9EC296ECC200030AD17 /* ch#30_State_Binding */,
				9896F9EB296ECC200030AD17 /* Products */,
			);
			sourceTree = "<group>";
		};
		9896F9EB296ECC200030AD17 /* Products */ = {
			isa = PBXGroup;
			children = (
				9896F9EA296ECC200030AD17 /* ch#30_State_Binding.app */,
			);
			name = Products;
			sourceTree = "<group>";
		};
		9896F9EC296ECC200030AD17 /* ch#30_State_Binding */ = {
			isa = PBXGroup;
			children = (
				98D96AA7297511AD00E97CF3 /* ch-30-State-Binding-Info.plist */,
				98D96AAA2975322400E97CF3 /* Z22_MenuBarView */,
				98D96AA22974FD9E00E97CF3 /* Z21_DeepLink */,
				98D96A8B2970E96F00E97CF3 /* inflean */,
				9896F9ED296ECC200030AD17 /* ch_30_State_BindingApp.swift */,
				9896F9EF296ECC200030AD17 /* ContentView.swift */,
				9896F9FF296FA6310030AD17 /* MyViewModel.swift */,
				9896F9FB296ED2300030AD17 /* BeforeBedView.swift */,
				9896F9FD296FA4C80030AD17 /* WeeklyView.swift */,
				9896F9F1296ECC220030AD17 /* Assets.xcassets */,
				9896F9F3296ECC220030AD17 /* Preview Content */,
				9896FA01296FCD1D0030AD17 /* MyGeometry.swift */,
				9896FA03296FD5E30030AD17 /* MyGeometry_Vertical.swift */,
				98D96A8329700F6300E97CF3 /* CustomView.swift */,
				98D96A852970188F00E97CF3 /* CustomViewMy.swift */,
				98D96A892970297D00E97CF3 /* TextInput.swift */,
				98D96A982971617900E97CF3 /* LoginDialog.swift */,
				98D96A9A2971644E00E97CF3 /* PresentStyleView.swift */,
				98D96A872970198E00E97CF3 /* MyView.swift */,
				98D96A90297124D800E97CF3 /* ThreadTest.swift */,
				98D96A9229714BE800E97CF3 /* Z01ButtonStyleView.swift */,
				98D96A9429714EA900E97CF3 /* Z02MyBtnStyle.swift */,
				98D96A962971569C00E97CF3 /* Z02MyRotateBtnStyle.swift */,
				98D96A9C2971860A00E97CF3 /* Z03PickerView.swift */,
				98D96A9E29718A9700E97CF3 /* Z03_1PickerView.swift */,
			);
			path = "ch#30_State_Binding";
			sourceTree = "<group>";
		};
		9896F9F3296ECC220030AD17 /* Preview Content */ = {
			isa = PBXGroup;
			children = (
				9896F9F4296ECC220030AD17 /* Preview Assets.xcassets */,
			);
			path = "Preview Content";
			sourceTree = "<group>";
		};
		98D96A8B2970E96F00E97CF3 /* inflean */ = {
			isa = PBXGroup;
			children = (
				98D96A8C2970E9A700E97CF3 /* Closur04.swift */,
				98D96A8E2971213300E97CF3 /* Closure_study.swift */,
			);
			path = inflean;
			sourceTree = "<group>";
		};
		98D96AA22974FD9E00E97CF3 /* Z21_DeepLink */ = {
			isa = PBXGroup;
			children = (
				98D96AA02974F93400E97CF3 /* Z21_DeepLinkView.swift */,
				98D96AA52975110500E97CF3 /* Z21_DeepLingViewJung.swift */,
				98D96AA82975128F00E97CF3 /* Z21_TodosView.swift */,
				98D96AA32974FDE400E97CF3 /* Z21_ProfileView.swift */,
			);
			path = Z21_DeepLink;
			sourceTree = "<group>";
		};
		98D96AAA2975322400E97CF3 /* Z22_MenuBarView */ = {
			isa = PBXGroup;
			children = (
				98D96AAB2975326F00E97CF3 /* Z22_NenubarView.swift */,
			);
			path = Z22_MenuBarView;
			sourceTree = "<group>";
		};
/* End PBXGroup section */

/* Begin PBXNativeTarget section */
		9896F9E9296ECC200030AD17 /* ch#30_State_Binding */ = {
			isa = PBXNativeTarget;
			buildConfigurationList = 9896F9F8296ECC220030AD17 /* Build configuration list for PBXNativeTarget "ch#30_State_Binding" */;
			buildPhases = (
				9896F9E6296ECC200030AD17 /* Sources */,
				9896F9E7296ECC200030AD17 /* Frameworks */,
				9896F9E8296ECC200030AD17 /* Resources */,
			);
			buildRules = (
			);
			dependencies = (
			);
			name = "ch#30_State_Binding";
			productName = "ch#30_State_Binding";
			productReference = 9896F9EA296ECC200030AD17 /* ch#30_State_Binding.app */;
			productType = "com.apple.product-type.application";
		};
/* End PBXNativeTarget section */

/* Begin PBXProject section */
		9896F9E2296ECC200030AD17 /* Project object */ = {
			isa = PBXProject;
			attributes = {
				BuildIndependentTargetsInParallel = 1;
				LastSwiftUpdateCheck = 1410;
				LastUpgradeCheck = 1410;
				TargetAttributes = {
					9896F9E9296ECC200030AD17 = {
						CreatedOnToolsVersion = 14.1;
					};
				};
			};
			buildConfigurationList = 9896F9E5296ECC200030AD17 /* Build configuration list for PBXProject "ch#30_State_Binding" */;
			compatibilityVersion = "Xcode 14.0";
			developmentRegion = en;
			hasScannedForEncodings = 0;
			knownRegions = (
				en,
				Base,
			);
			mainGroup = 9896F9E1296ECC200030AD17;
			productRefGroup = 9896F9EB296ECC200030AD17 /* Products */;
			projectDirPath = "";
			projectRoot = "";
			targets = (
				9896F9E9296ECC200030AD17 /* ch#30_State_Binding */,
			);
		};
/* End PBXProject section */

/* Begin PBXResourcesBuildPhase section */
		9896F9E8296ECC200030AD17 /* Resources */ = {
			isa = PBXResourcesBuildPhase;
			buildActionMask = 2147483647;
			files = (
				9896F9F5296ECC220030AD17 /* Preview Assets.xcassets in Resources */,
				9896F9F2296ECC220030AD17 /* Assets.xcassets in Resources */,
			);
			runOnlyForDeploymentPostprocessing = 0;
		};
/* End PBXResourcesBuildPhase section */

/* Begin PBXSourcesBuildPhase section */
		9896F9E6296ECC200030AD17 /* Sources */ = {
			isa = PBXSourcesBuildPhase;
			buildActionMask = 2147483647;
			files = (
				98D96A9D2971860A00E97CF3 /* Z03PickerView.swift in Sources */,
				9896F9F0296ECC200030AD17 /* ContentView.swift in Sources */,
				98D96A9F29718A9700E97CF3 /* Z03_1PickerView.swift in Sources */,
				98D96A8A2970297D00E97CF3 /* TextInput.swift in Sources */,
				98D96A8429700F6300E97CF3 /* CustomView.swift in Sources */,
				98D96A9329714BE800E97CF3 /* Z01ButtonStyleView.swift in Sources */,
				98D96A882970198E00E97CF3 /* MyView.swift in Sources */,
				98D96A9B2971644E00E97CF3 /* PresentStyleView.swift in Sources */,
				98D96A9529714EA900E97CF3 /* Z02MyBtnStyle.swift in Sources */,
				9896F9FC296ED2300030AD17 /* BeforeBedView.swift in Sources */,
				98D96A8D2970E9A700E97CF3 /* Closur04.swift in Sources */,
				98D96AAC2975326F00E97CF3 /* Z22_NenubarView.swift in Sources */,
				98D96A8F2971213300E97CF3 /* Closure_study.swift in Sources */,
				9896F9EE296ECC200030AD17 /* ch_30_State_BindingApp.swift in Sources */,
				98D96A972971569C00E97CF3 /* Z02MyRotateBtnStyle.swift in Sources */,
				98D96A992971617900E97CF3 /* LoginDialog.swift in Sources */,
				9896FA04296FD5E30030AD17 /* MyGeometry_Vertical.swift in Sources */,
				98D96AA62975110500E97CF3 /* Z21_DeepLingViewJung.swift in Sources */,
				98D96AA42974FDE400E97CF3 /* Z21_ProfileView.swift in Sources */,
				98D96A91297124D800E97CF3 /* ThreadTest.swift in Sources */,
				9896FA02296FCD1D0030AD17 /* MyGeometry.swift in Sources */,
				98D96AA92975128F00E97CF3 /* Z21_TodosView.swift in Sources */,
				98D96AA12974F93400E97CF3 /* Z21_DeepLinkView.swift in Sources */,
				98D96A862970188F00E97CF3 /* CustomViewMy.swift in Sources */,
				9896F9FE296FA4C80030AD17 /* WeeklyView.swift in Sources */,
				9896FA00296FA6310030AD17 /* MyViewModel.swift in Sources */,
			);
			runOnlyForDeploymentPostprocessing = 0;
		};
/* End PBXSourcesBuildPhase section */

/* Begin XCBuildConfiguration section */
		9896F9F6296ECC220030AD17 /* Debug */ = {
			isa = XCBuildConfiguration;
			buildSettings = {
				ALWAYS_SEARCH_USER_PATHS = NO;
				CLANG_ANALYZER_NONNULL = YES;
				CLANG_ANALYZER_NUMBER_OBJECT_CONVERSION = YES_AGGRESSIVE;
				CLANG_CXX_LANGUAGE_STANDARD = "gnu++20";
				CLANG_ENABLE_MODULES = YES;
				CLANG_ENABLE_OBJC_ARC = YES;
				CLANG_ENABLE_OBJC_WEAK = YES;
				CLANG_WARN_BLOCK_CAPTURE_AUTORELEASING = YES;
				CLANG_WARN_BOOL_CONVERSION = YES;
				CLANG_WARN_COMMA = YES;
				CLANG_WARN_CONSTANT_CONVERSION = YES;
				CLANG_WARN_DEPRECATED_OBJC_IMPLEMENTATIONS = YES;
				CLANG_WARN_DIRECT_OBJC_ISA_USAGE = YES_ERROR;
				CLANG_WARN_DOCUMENTATION_COMMENTS = YES;
				CLANG_WARN_EMPTY_BODY = YES;
				CLANG_WARN_ENUM_CONVERSION = YES;
				CLANG_WARN_INFINITE_RECURSION = YES;
				CLANG_WARN_INT_CONVERSION = YES;
				CLANG_WARN_NON_LITERAL_NULL_CONVERSION = YES;
				CLANG_WARN_OBJC_IMPLICIT_RETAIN_SELF = YES;
				CLANG_WARN_OBJC_LITERAL_CONVERSION = YES;
				CLANG_WARN_OBJC_ROOT_CLASS = YES_ERROR;
				CLANG_WARN_QUOTED_INCLUDE_IN_FRAMEWORK_HEADER = YES;
				CLANG_WARN_RANGE_LOOP_ANALYSIS = YES;
				CLANG_WARN_STRICT_PROTOTYPES = YES;
				CLANG_WARN_SUSPICIOUS_MOVE = YES;
				CLANG_WARN_UNGUARDED_AVAILABILITY = YES_AGGRESSIVE;
				CLANG_WARN_UNREACHABLE_CODE = YES;
				CLANG_WARN__DUPLICATE_METHOD_MATCH = YES;
				COPY_PHASE_STRIP = NO;
				DEBUG_INFORMATION_FORMAT = dwarf;
				ENABLE_STRICT_OBJC_MSGSEND = YES;
				ENABLE_TESTABILITY = YES;
				GCC_C_LANGUAGE_STANDARD = gnu11;
				GCC_DYNAMIC_NO_PIC = NO;
				GCC_NO_COMMON_BLOCKS = YES;
				GCC_OPTIMIZATION_LEVEL = 0;
				GCC_PREPROCESSOR_DEFINITIONS = (
					"DEBUG=1",
					"$(inherited)",
				);
				GCC_WARN_64_TO_32_BIT_CONVERSION = YES;
				GCC_WARN_ABOUT_RETURN_TYPE = YES_ERROR;
				GCC_WARN_UNDECLARED_SELECTOR = YES;
				GCC_WARN_UNINITIALIZED_AUTOS = YES_AGGRESSIVE;
				GCC_WARN_UNUSED_FUNCTION = YES;
				GCC_WARN_UNUSED_VARIABLE = YES;
				IPHONEOS_DEPLOYMENT_TARGET = 16.1;
				MTL_ENABLE_DEBUG_INFO = INCLUDE_SOURCE;
				MTL_FAST_MATH = YES;
				ONLY_ACTIVE_ARCH = YES;
				SDKROOT = iphoneos;
				SWIFT_ACTIVE_COMPILATION_CONDITIONS = DEBUG;
				SWIFT_OPTIMIZATION_LEVEL = "-Onone";
			};
			name = Debug;
		};
		9896F9F7296ECC220030AD17 /* Release */ = {
			isa = XCBuildConfiguration;
			buildSettings = {
				ALWAYS_SEARCH_USER_PATHS = NO;
				CLANG_ANALYZER_NONNULL = YES;
				CLANG_ANALYZER_NUMBER_OBJECT_CONVERSION = YES_AGGRESSIVE;
				CLANG_CXX_LANGUAGE_STANDARD = "gnu++20";
				CLANG_ENABLE_MODULES = YES;
				CLANG_ENABLE_OBJC_ARC = YES;
				CLANG_ENABLE_OBJC_WEAK = YES;
				CLANG_WARN_BLOCK_CAPTURE_AUTORELEASING = YES;
				CLANG_WARN_BOOL_CONVERSION = YES;
				CLANG_WARN_COMMA = YES;
				CLANG_WARN_CONSTANT_CONVERSION = YES;
				CLANG_WARN_DEPRECATED_OBJC_IMPLEMENTATIONS = YES;
				CLANG_WARN_DIRECT_OBJC_ISA_USAGE = YES_ERROR;
				CLANG_WARN_DOCUMENTATION_COMMENTS = YES;
				CLANG_WARN_EMPTY_BODY = YES;
				CLANG_WARN_ENUM_CONVERSION = YES;
				CLANG_WARN_INFINITE_RECURSION = YES;
				CLANG_WARN_INT_CONVERSION = YES;
				CLANG_WARN_NON_LITERAL_NULL_CONVERSION = YES;
				CLANG_WARN_OBJC_IMPLICIT_RETAIN_SELF = YES;
				CLANG_WARN_OBJC_LITERAL_CONVERSION = YES;
				CLANG_WARN_OBJC_ROOT_CLASS = YES_ERROR;
				CLANG_WARN_QUOTED_INCLUDE_IN_FRAMEWORK_HEADER = YES;
				CLANG_WARN_RANGE_LOOP_ANALYSIS = YES;
				CLANG_WARN_STRICT_PROTOTYPES = YES;
				CLANG_WARN_SUSPICIOUS_MOVE = YES;
				CLANG_WARN_UNGUARDED_AVAILABILITY = YES_AGGRESSIVE;
				CLANG_WARN_UNREACHABLE_CODE = YES;
				CLANG_WARN__DUPLICATE_METHOD_MATCH = YES;
				COPY_PHASE_STRIP = NO;
				DEBUG_INFORMATION_FORMAT = "dwarf-with-dsym";
				ENABLE_NS_ASSERTIONS = NO;
				ENABLE_STRICT_OBJC_MSGSEND = YES;
				GCC_C_LANGUAGE_STANDARD = gnu11;
				GCC_NO_COMMON_BLOCKS = YES;
				GCC_WARN_64_TO_32_BIT_CONVERSION = YES;
				GCC_WARN_ABOUT_RETURN_TYPE = YES_ERROR;
				GCC_WARN_UNDECLARED_SELECTOR = YES;
				GCC_WARN_UNINITIALIZED_AUTOS = YES_AGGRESSIVE;
				GCC_WARN_UNUSED_FUNCTION = YES;
				GCC_WARN_UNUSED_VARIABLE = YES;
				IPHONEOS_DEPLOYMENT_TARGET = 16.1;
				MTL_ENABLE_DEBUG_INFO = NO;
				MTL_FAST_MATH = YES;
				SDKROOT = iphoneos;
				SWIFT_COMPILATION_MODE = wholemodule;
				SWIFT_OPTIMIZATION_LEVEL = "-O";
				VALIDATE_PRODUCT = YES;
			};
			name = Release;
		};
		9896F9F9296ECC220030AD17 /* Debug */ = {
			isa = XCBuildConfiguration;
			buildSettings = {
				ASSETCATALOG_COMPILER_APPICON_NAME = AppIcon;
				ASSETCATALOG_COMPILER_GLOBAL_ACCENT_COLOR_NAME = AccentColor;
				CODE_SIGN_STYLE = Automatic;
				CURRENT_PROJECT_VERSION = 1;
				DEVELOPMENT_ASSET_PATHS = "\"ch#30_State_Binding/Preview Content\"";
				DEVELOPMENT_TEAM = 9YQ9QH28X9;
				ENABLE_PREVIEWS = YES;
				GENERATE_INFOPLIST_FILE = YES;
				INFOPLIST_FILE = "ch-30-State-Binding-Info.plist";
				INFOPLIST_KEY_UIApplicationSceneManifest_Generation = YES;
				INFOPLIST_KEY_UIApplicationSupportsIndirectInputEvents = YES;
				INFOPLIST_KEY_UILaunchScreen_Generation = YES;
				INFOPLIST_KEY_UISupportedInterfaceOrientations_iPad = "UIInterfaceOrientationPortrait UIInterfaceOrientationPortraitUpsideDown UIInterfaceOrientationLandscapeLeft UIInterfaceOrientationLandscapeRight";
				INFOPLIST_KEY_UISupportedInterfaceOrientations_iPhone = "UIInterfaceOrientationPortrait UIInterfaceOrientationLandscapeLeft UIInterfaceOrientationLandscapeRight";
				LD_RUNPATH_SEARCH_PATHS = (
					"$(inherited)",
					"@executable_path/Frameworks",
				);
				MARKETING_VERSION = 1.0;
				PRODUCT_BUNDLE_IDENTIFIER = "com.vivakorea.ch-30-State-Binding";
				PRODUCT_NAME = "$(TARGET_NAME)";
				SWIFT_EMIT_LOC_STRINGS = YES;
				SWIFT_VERSION = 5.0;
				TARGETED_DEVICE_FAMILY = "1,2";
			};
			name = Debug;
		};
		9896F9FA296ECC220030AD17 /* Release */ = {
			isa = XCBuildConfiguration;
			buildSettings = {
				ASSETCATALOG_COMPILER_APPICON_NAME = AppIcon;
				ASSETCATALOG_COMPILER_GLOBAL_ACCENT_COLOR_NAME = AccentColor;
				CODE_SIGN_STYLE = Automatic;
				CURRENT_PROJECT_VERSION = 1;
				DEVELOPMENT_ASSET_PATHS = "\"ch#30_State_Binding/Preview Content\"";
				DEVELOPMENT_TEAM = 9YQ9QH28X9;
				ENABLE_PREVIEWS = YES;
				GENERATE_INFOPLIST_FILE = YES;
				INFOPLIST_FILE = "ch-30-State-Binding-Info.plist";
				INFOPLIST_KEY_UIApplicationSceneManifest_Generation = YES;
				INFOPLIST_KEY_UIApplicationSupportsIndirectInputEvents = YES;
				INFOPLIST_KEY_UILaunchScreen_Generation = YES;
				INFOPLIST_KEY_UISupportedInterfaceOrientations_iPad = "UIInterfaceOrientationPortrait UIInterfaceOrientationPortraitUpsideDown UIInterfaceOrientationLandscapeLeft UIInterfaceOrientationLandscapeRight";
				INFOPLIST_KEY_UISupportedInterfaceOrientations_iPhone = "UIInterfaceOrientationPortrait UIInterfaceOrientationLandscapeLeft UIInterfaceOrientationLandscapeRight";
				LD_RUNPATH_SEARCH_PATHS = (
					"$(inherited)",
					"@executable_path/Frameworks",
				);
				MARKETING_VERSION = 1.0;
				PRODUCT_BUNDLE_IDENTIFIER = "com.vivakorea.ch-30-State-Binding";
				PRODUCT_NAME = "$(TARGET_NAME)";
				SWIFT_EMIT_LOC_STRINGS = YES;
				SWIFT_VERSION = 5.0;
				TARGETED_DEVICE_FAMILY = "1,2";
			};
			name = Release;
		};
/* End XCBuildConfiguration section */

/* Begin XCConfigurationList section */
		9896F9E5296ECC200030AD17 /* Build configuration list for PBXProject "ch#30_State_Binding" */ = {
			isa = XCConfigurationList;
			buildConfigurations = (
				9896F9F6296ECC220030AD17 /* Debug */,
				9896F9F7296ECC220030AD17 /* Release */,
			);
			defaultConfigurationIsVisible = 0;
			defaultConfigurationName = Release;
		};
		9896F9F8296ECC220030AD17 /* Build configuration list for PBXNativeTarget "ch#30_State_Binding" */ = {
			isa = XCConfigurationList;
			buildConfigurations = (
				9896F9F9296ECC220030AD17 /* Debug */,
				9896F9FA296ECC220030AD17 /* Release */,
			);
			defaultConfigurationIsVisible = 0;
			defaultConfigurationName = Release;
		};
/* End XCConfigurationList section */
	};
	rootObject = 9896F9E2296ECC200030AD17 /* Project object */;
}
